Microsoft Visual Studio Solution File, Format Version 12.00
# Visual Studio Version 17
VisualStudioVersion = 17.11.35208.52
MinimumVisualStudioVersion = 10.0.40219.1
Project("{2150E333-8FDC-42A3-9474-1A3956D46DE8}") = "src", "src", "{BF09AA0F-C305-4453-B472-BBD8D7C35B42}"
EndProject
Project("{2150E333-8FDC-42A3-9474-1A3956D46DE8}") = "tests", "tests", "{68A57E10-94D5-4508-BED4-DD3663EB9AB2}"
EndProject
Project("{FAE04EC0-301F-11D3-BF4B-00C04F79EFBC}") = "Shared", "src\Shared\Shared.csproj", "{D03E40C0-BB69-42D4-9A08-3D82B0B610B5}"
EndProject
Project("{FAE04EC0-301F-11D3-BF4B-00C04F79EFBC}") = "Server", "src\Server\Server.csproj", "{807EF925-BF80-4F12-8E45-DAF342861B4D}"
EndProject
Project("{FAE04EC0-301F-11D3-BF4B-00C04F79EFBC}") = "Server.Test", "tests\Server.Test\Server.Test.csproj", "{12B6C1FF-45FE-47CD-90E7-1F5C6CBAC8DF}"
EndProject
Project("{FAE04EC0-301F-11D3-BF4B-00C04F79EFBC}") = "AppAdmin", "src\AppAdmin\AppAdmin.csproj", "{D97F8A2E-BEC7-4016-B034-7E33895374CA}"
EndProject
Project("{FAE04EC0-301F-11D3-BF4B-00C04F79EFBC}") = "OpenAiGateway", "src\OpenAiGateway\OpenAiGateway.csproj", "{1FAD7C29-4ACA-4EA8-BF09-1D05E6715327}"
EndProject
Project("{FAE04EC0-301F-11D3-BF4B-00C04F79EFBC}") = "AppClient", "src\AppClient\AppClient.csproj", "{3EDFF503-E8E6-43F6-81B1-C109F5D69530}"
EndProject
Project("{FAE04EC0-301F-11D3-BF4B-00C04F79EFBC}") = "AppAdmin.PlaywrightTest", "tests\AppAdmin.PlaywrightTest\AppAdmin.PlaywrightTest.csproj", "{6B580B1E-DF4B-47BD-9081-617578B01809}"
EndProject
Project("{FAE04EC0-301F-11D3-BF4B-00C04F79EFBC}") = "AppHost", "src\AppHost\AppHost.csproj", "{3D6C698F-8B9D-4ED3-A541-B396B3202DC4}"
EndProject
Project("{FAE04EC0-301F-11D3-BF4B-00C04F79EFBC}") = "ServiceDefaults", "src\ServiceDefaults\ServiceDefaults.csproj", "{3DD68B14-B20C-4B29-B4EF-E9643B4F6C4F}"
EndProject
Global
	GlobalSection(SolutionConfigurationPlatforms) = preSolution
		Debug|Any CPU = Debug|Any CPU
		Release|Any CPU = Release|Any CPU
		Demo|Any CPU = Demo|Any CPU
	EndGlobalSection
	GlobalSection(ProjectConfigurationPlatforms) = postSolution
		{D03E40C0-BB69-42D4-9A08-3D82B0B610B5}.Debug|Any CPU.ActiveCfg = Debug|Any CPU
		{D03E40C0-BB69-42D4-9A08-3D82B0B610B5}.Debug|Any CPU.Build.0 = Debug|Any CPU
		{D03E40C0-BB69-42D4-9A08-3D82B0B610B5}.Release|Any CPU.ActiveCfg = Release|Any CPU
		{D03E40C0-BB69-42D4-9A08-3D82B0B610B5}.Release|Any CPU.Build.0 = Release|Any CPU
		{D03E40C0-BB69-42D4-9A08-3D82B0B610B5}.Demo|Any CPU.ActiveCfg = Demo|Any CPU
		{D03E40C0-BB69-42D4-9A08-3D82B0B610B5}.Demo|Any CPU.Build.0 = Demo|Any CPU
		{807EF925-BF80-4F12-8E45-DAF342861B4D}.Debug|Any CPU.ActiveCfg = Debug|Any CPU
		{807EF925-BF80-4F12-8E45-DAF342861B4D}.Debug|Any CPU.Build.0 = Debug|Any CPU
		{807EF925-BF80-4F12-8E45-DAF342861B4D}.Release|Any CPU.ActiveCfg = Release|Any CPU
		{807EF925-BF80-4F12-8E45-DAF342861B4D}.Release|Any CPU.Build.0 = Release|Any CPU
		{807EF925-BF80-4F12-8E45-DAF342861B4D}.Release|Any CPU.Deploy.0 = Release|Any CPU
		{807EF925-BF80-4F12-8E45-DAF342861B4D}.Demo|Any CPU.ActiveCfg = Demo|Any CPU
		{807EF925-BF80-4F12-8E45-DAF342861B4D}.Demo|Any CPU.Build.0 = Demo|Any CPU
		{12B6C1FF-45FE-47CD-90E7-1F5C6CBAC8DF}.Debug|Any CPU.ActiveCfg = Debug|Any CPU
		{12B6C1FF-45FE-47CD-90E7-1F5C6CBAC8DF}.Debug|Any CPU.Build.0 = Debug|Any CPU
		{12B6C1FF-45FE-47CD-90E7-1F5C6CBAC8DF}.Release|Any CPU.ActiveCfg = Release|Any CPU
		{12B6C1FF-45FE-47CD-90E7-1F5C6CBAC8DF}.Release|Any CPU.Build.0 = Release|Any CPU
		{12B6C1FF-45FE-47CD-90E7-1F5C6CBAC8DF}.Demo|Any CPU.ActiveCfg = Demo|Any CPU
		{12B6C1FF-45FE-47CD-90E7-1F5C6CBAC8DF}.Demo|Any CPU.Build.0 = Demo|Any CPU
		{D97F8A2E-BEC7-4016-B034-7E33895374CA}.Debug|Any CPU.ActiveCfg = Debug|Any CPU
		{D97F8A2E-BEC7-4016-B034-7E33895374CA}.Debug|Any CPU.Build.0 = Debug|Any CPU
		{D97F8A2E-BEC7-4016-B034-7E33895374CA}.Release|Any CPU.ActiveCfg = Release|Any CPU
		{D97F8A2E-BEC7-4016-B034-7E33895374CA}.Release|Any CPU.Build.0 = Release|Any CPU
		{D97F8A2E-BEC7-4016-B034-7E33895374CA}.Release|Any CPU.Deploy.0 = Release|Any CPU
		{D97F8A2E-BEC7-4016-B034-7E33895374CA}.Demo|Any CPU.ActiveCfg = Demo|Any CPU
		{D97F8A2E-BEC7-4016-B034-7E33895374CA}.Demo|Any CPU.Build.0 = Demo|Any CPU
		{1FAD7C29-4ACA-4EA8-BF09-1D05E6715327}.Debug|Any CPU.ActiveCfg = Debug|Any CPU
		{1FAD7C29-4ACA-4EA8-BF09-1D05E6715327}.Debug|Any CPU.Build.0 = Debug|Any CPU
		{1FAD7C29-4ACA-4EA8-BF09-1D05E6715327}.Release|Any CPU.ActiveCfg = Release|Any CPU
		{1FAD7C29-4ACA-4EA8-BF09-1D05E6715327}.Release|Any CPU.Build.0 = Release|Any CPU
		{1FAD7C29-4ACA-4EA8-BF09-1D05E6715327}.Release|Any CPU.Deploy.0 = Release|Any CPU
		{1FAD7C29-4ACA-4EA8-BF09-1D05E6715327}.Demo|Any CPU.ActiveCfg = Demo|Any CPU
		{1FAD7C29-4ACA-4EA8-BF09-1D05E6715327}.Demo|Any CPU.Build.0 = Demo|Any CPU
		{3EDFF503-E8E6-43F6-81B1-C109F5D69530}.Debug|Any CPU.ActiveCfg = Debug|Any CPU
		{3EDFF503-E8E6-43F6-81B1-C109F5D69530}.Debug|Any CPU.Build.0 = Debug|Any CPU
		{3EDFF503-E8E6-43F6-81B1-C109F5D69530}.Release|Any CPU.ActiveCfg = Release|Any CPU
		{3EDFF503-E8E6-43F6-81B1-C109F5D69530}.Release|Any CPU.Build.0 = Release|Any CPU
		{3EDFF503-E8E6-43F6-81B1-C109F5D69530}.Release|Any CPU.Deploy.0 = Release|Any CPU
		{3EDFF503-E8E6-43F6-81B1-C109F5D69530}.Demo|Any CPU.ActiveCfg = Demo|Any CPU
		{3EDFF503-E8E6-43F6-81B1-C109F5D69530}.Demo|Any CPU.Build.0 = Demo|Any CPU
		{6B580B1E-DF4B-47BD-9081-617578B01809}.Debug|Any CPU.ActiveCfg = Debug|Any CPU
		{6B580B1E-DF4B-47BD-9081-617578B01809}.Debug|Any CPU.Build.0 = Debug|Any CPU
		{6B580B1E-DF4B-47BD-9081-617578B01809}.Release|Any CPU.ActiveCfg = Release|Any CPU
		{6B580B1E-DF4B-47BD-9081-617578B01809}.Release|Any CPU.Build.0 = Release|Any CPU
		{6B580B1E-DF4B-47BD-9081-617578B01809}.Demo|Any CPU.ActiveCfg = Demo|Any CPU
		{6B580B1E-DF4B-47BD-9081-617578B01809}.Demo|Any CPU.Build.0 = Demo|Any CPU
		{3D6C698F-8B9D-4ED3-A541-B396B3202DC4}.Debug|Any CPU.ActiveCfg = Debug|Any CPU
		{3D6C698F-8B9D-4ED3-A541-B396B3202DC4}.Debug|Any CPU.Build.0 = Debug|Any CPU
		{3D6C698F-8B9D-4ED3-A541-B396B3202DC4}.Release|Any CPU.ActiveCfg = Release|Any CPU
		{3D6C698F-8B9D-4ED3-A541-B396B3202DC4}.Release|Any CPU.Build.0 = Release|Any CPU
		{3D6C698F-8B9D-4ED3-A541-B396B3202DC4}.Demo|Any CPU.ActiveCfg = Debug|Any CPU
		{3D6C698F-8B9D-4ED3-A541-B396B3202DC4}.Demo|Any CPU.Build.0 = Debug|Any CPU
		{3DD68B14-B20C-4B29-B4EF-E9643B4F6C4F}.Debug|Any CPU.ActiveCfg = Debug|Any CPU
		{3DD68B14-B20C-4B29-B4EF-E9643B4F6C4F}.Debug|Any CPU.Build.0 = Debug|Any CPU
		{3DD68B14-B20C-4B29-B4EF-E9643B4F6C4F}.Release|Any CPU.ActiveCfg = Release|Any CPU
		{3DD68B14-B20C-4B29-B4EF-E9643B4F6C4F}.Release|Any CPU.Build.0 = Release|Any CPU
		{3DD68B14-B20C-4B29-B4EF-E9643B4F6C4F}.Demo|Any CPU.ActiveCfg = Debug|Any CPU
		{3DD68B14-B20C-4B29-B4EF-E9643B4F6C4F}.Demo|Any CPU.Build.0 = Debug|Any CPU
		{C2BA9FE5-B414-40BB-B342-C30481707EDE}.Debug|Any CPU.ActiveCfg = Debug|Any CPU
		{C2BA9FE5-B414-40BB-B342-C30481707EDE}.Debug|Any CPU.Build.0 = Debug|Any CPU
		{C2BA9FE5-B414-40BB-B342-C30481707EDE}.Release|Any CPU.ActiveCfg = Release|Any CPU
		{C2BA9FE5-B414-40BB-B342-C30481707EDE}.Release|Any CPU.Build.0 = Release|Any CPU
		{C2BA9FE5-B414-40BB-B342-C30481707EDE}.Demo|Any CPU.ActiveCfg = Debug|Any CPU
		{C2BA9FE5-B414-40BB-B342-C30481707EDE}.Demo|Any CPU.Build.0 = Debug|Any CPU
	EndGlobalSection
	GlobalSection(SolutionProperties) = preSolution
		HideSolutionNode = FALSE
	EndGlobalSection
	GlobalSection(NestedProjects) = preSolution
		{D03E40C0-BB69-42D4-9A08-3D82B0B610B5} = {BF09AA0F-C305-4453-B472-BBD8D7C35B42}
		{807EF925-BF80-4F12-8E45-DAF342861B4D} = {BF09AA0F-C305-4453-B472-BBD8D7C35B42}
		{12B6C1FF-45FE-47CD-90E7-1F5C6CBAC8DF} = {68A57E10-94D5-4508-BED4-DD3663EB9AB2}
		{D97F8A2E-BEC7-4016-B034-7E33895374CA} = {BF09AA0F-C305-4453-B472-BBD8D7C35B42}
		{1FAD7C29-4ACA-4EA8-BF09-1D05E6715327} = {BF09AA0F-C305-4453-B472-BBD8D7C35B42}
		{3EDFF503-E8E6-43F6-81B1-C109F5D69530} = {BF09AA0F-C305-4453-B472-BBD8D7C35B42}
		{6B580B1E-DF4B-47BD-9081-617578B01809} = {68A57E10-94D5-4508-BED4-DD3663EB9AB2}
		{3D6C698F-8B9D-4ED3-A541-B396B3202DC4} = {BF09AA0F-C305-4453-B472-BBD8D7C35B42}
		{3DD68B14-B20C-4B29-B4EF-E9643B4F6C4F} = {BF09AA0F-C305-4453-B472-BBD8D7C35B42}
		{C2BA9FE5-B414-40BB-B342-C30481707EDE} = {BF09AA0F-C305-4453-B472-BBD8D7C35B42}
	EndGlobalSection
	GlobalSection(ExtensibilityGlobals) = postSolution
		SolutionGuid = {FF59536C-9482-4FCD-AC56-E5314483485E}
	EndGlobalSection
EndGlobal
